// !$*UTF8*$!
{
	archiveVersion = 1;
	classes = {
	};
	objectVersion = 48;
	objects = {

/* Begin PBXBuildFile section */
		1B0CF71A1F91EB3800DB2DC1 /* Notification.swift in Sources */ = {isa = PBXBuildFile; fileRef = 1B0CF7191F91EB3800DB2DC1 /* Notification.swift */; };
		1B4A8D341F9C742C0056B672 /* WalletView.swift in Sources */ = {isa = PBXBuildFile; fileRef = 1B4A8D331F9C742C0056B672 /* WalletView.swift */; };
		1B5A956B1F94A03400FCBD6F /* AccountSetting.swift in Sources */ = {isa = PBXBuildFile; fileRef = 1B5A956A1F94A03400FCBD6F /* AccountSetting.swift */; };
		BA7731501F916D3300ADD4DF /* AppDelegate.swift in Sources */ = {isa = PBXBuildFile; fileRef = BA77314F1F916D3300ADD4DF /* AppDelegate.swift */; };
		BA7731551F916D3300ADD4DF /* Main.storyboard in Resources */ = {isa = PBXBuildFile; fileRef = BA7731531F916D3300ADD4DF /* Main.storyboard */; };
		BA7731571F916D3300ADD4DF /* Assets.xcassets in Resources */ = {isa = PBXBuildFile; fileRef = BA7731561F916D3300ADD4DF /* Assets.xcassets */; };
		BA77315A1F916D3300ADD4DF /* LaunchScreen.storyboard in Resources */ = {isa = PBXBuildFile; fileRef = BA7731581F916D3300ADD4DF /* LaunchScreen.storyboard */; };
		BA7731621F91733600ADD4DF /* LoginView.swift in Sources */ = {isa = PBXBuildFile; fileRef = BA7731611F91733600ADD4DF /* LoginView.swift */; };
		BA7731641F917D5400ADD4DF /* RegisterView.swift in Sources */ = {isa = PBXBuildFile; fileRef = BA7731631F917D5400ADD4DF /* RegisterView.swift */; };
		BA7C1DB91F98674100B5BBE3 /* MainView.swift in Sources */ = {isa = PBXBuildFile; fileRef = BA7C1DB81F98674100B5BBE3 /* MainView.swift */; };
		BAE649AA1F930CD6005416FC /* ForgotPassView.swift in Sources */ = {isa = PBXBuildFile; fileRef = BAE649A91F930CD6005416FC /* ForgotPassView.swift */; };
		E947E60C92C543A828C4EC6E /* Pods_CurrencyX.framework in Frameworks */ = {isa = PBXBuildFile; fileRef = F51BEFDEDE29BE25FD493777 /* Pods_CurrencyX.framework */; };
		EDCCAD461FA7CAA600439099 /* Info.plist in Resources */ = {isa = PBXBuildFile; fileRef = BA77315B1F916D3300ADD4DF /* Info.plist */; };
		FF03E10E1FAA759800ABD91C /* DetailView.swift in Sources */ = {isa = PBXBuildFile; fileRef = FF03E10D1FAA759800ABD91C /* DetailView.swift */; };
		FF1B9F321F93AE2800FC9F24 /* GoogleService-Info.plist in Resources */ = {isa = PBXBuildFile; fileRef = BAE649AB1F932FD9005416FC /* GoogleService-Info.plist */; };
		FF6B59E21F933C350072E48E /* BuyView.swift in Sources */ = {isa = PBXBuildFile; fileRef = FF6B59E11F933C350072E48E /* BuyView.swift */; };
/* End PBXBuildFile section */

/* Begin PBXFileReference section */
		1B0CF7191F91EB3800DB2DC1 /* Notification.swift */ = {isa = PBXFileReference; lastKnownFileType = sourcecode.swift; path = Notification.swift; sourceTree = "<group>"; };
		1B4A8D331F9C742C0056B672 /* WalletView.swift */ = {isa = PBXFileReference; lastKnownFileType = sourcecode.swift; path = WalletView.swift; sourceTree = "<group>"; };
		1B5A956A1F94A03400FCBD6F /* AccountSetting.swift */ = {isa = PBXFileReference; lastKnownFileType = sourcecode.swift; path = AccountSetting.swift; sourceTree = "<group>"; };
		1BCED255CC2F6F39EAAA4888 /* Pods-CurrencyX.release.xcconfig */ = {isa = PBXFileReference; includeInIndex = 1; lastKnownFileType = text.xcconfig; name = "Pods-CurrencyX.release.xcconfig"; path = "Pods/Target Support Files/Pods-CurrencyX/Pods-CurrencyX.release.xcconfig"; sourceTree = "<group>"; };
		9B549A1E0F5E89599BCFD5D8 /* Pods-CurrencyX.debug.xcconfig */ = {isa = PBXFileReference; includeInIndex = 1; lastKnownFileType = text.xcconfig; name = "Pods-CurrencyX.debug.xcconfig"; path = "Pods/Target Support Files/Pods-CurrencyX/Pods-CurrencyX.debug.xcconfig"; sourceTree = "<group>"; };
		BA77314C1F916D3300ADD4DF /* CurrencyX.app */ = {isa = PBXFileReference; explicitFileType = wrapper.application; includeInIndex = 0; path = CurrencyX.app; sourceTree = BUILT_PRODUCTS_DIR; };
		BA77314F1F916D3300ADD4DF /* AppDelegate.swift */ = {isa = PBXFileReference; lastKnownFileType = sourcecode.swift; path = AppDelegate.swift; sourceTree = "<group>"; };
		BA7731541F916D3300ADD4DF /* Base */ = {isa = PBXFileReference; lastKnownFileType = file.storyboard; name = Base; path = Base.lproj/Main.storyboard; sourceTree = "<group>"; };
		BA7731561F916D3300ADD4DF /* Assets.xcassets */ = {isa = PBXFileReference; lastKnownFileType = folder.assetcatalog; path = Assets.xcassets; sourceTree = "<group>"; };
		BA7731591F916D3300ADD4DF /* Base */ = {isa = PBXFileReference; lastKnownFileType = file.storyboard; name = Base; path = Base.lproj/LaunchScreen.storyboard; sourceTree = "<group>"; };
		BA77315B1F916D3300ADD4DF /* Info.plist */ = {isa = PBXFileReference; lastKnownFileType = text.plist.xml; path = Info.plist; sourceTree = "<group>"; };
		BA7731611F91733600ADD4DF /* LoginView.swift */ = {isa = PBXFileReference; lastKnownFileType = sourcecode.swift; path = LoginView.swift; sourceTree = "<group>"; };
		BA7731631F917D5400ADD4DF /* RegisterView.swift */ = {isa = PBXFileReference; lastKnownFileType = sourcecode.swift; path = RegisterView.swift; sourceTree = "<group>"; };
		BA7C1DB81F98674100B5BBE3 /* MainView.swift */ = {isa = PBXFileReference; lastKnownFileType = sourcecode.swift; path = MainView.swift; sourceTree = "<group>"; };
		BAE649A91F930CD6005416FC /* ForgotPassView.swift */ = {isa = PBXFileReference; lastKnownFileType = sourcecode.swift; path = ForgotPassView.swift; sourceTree = "<group>"; };
		BAE649AB1F932FD9005416FC /* GoogleService-Info.plist */ = {isa = PBXFileReference; lastKnownFileType = text.plist.xml; path = "GoogleService-Info.plist"; sourceTree = "<group>"; };
		F51BEFDEDE29BE25FD493777 /* Pods_CurrencyX.framework */ = {isa = PBXFileReference; explicitFileType = wrapper.framework; includeInIndex = 0; path = Pods_CurrencyX.framework; sourceTree = BUILT_PRODUCTS_DIR; };
		FF03E10D1FAA759800ABD91C /* DetailView.swift */ = {isa = PBXFileReference; lastKnownFileType = sourcecode.swift; path = DetailView.swift; sourceTree = "<group>"; };
		FF6B59E11F933C350072E48E /* BuyView.swift */ = {isa = PBXFileReference; lastKnownFileType = sourcecode.swift; path = BuyView.swift; sourceTree = "<group>"; };
/* End PBXFileReference section */

/* Begin PBXFrameworksBuildPhase section */
		BA7731491F916D3300ADD4DF /* Frameworks */ = {
			isa = PBXFrameworksBuildPhase;
			buildActionMask = 2147483647;
			files = (
				E947E60C92C543A828C4EC6E /* Pods_CurrencyX.framework in Frameworks */,
			);
			runOnlyForDeploymentPostprocessing = 0;
		};
/* End PBXFrameworksBuildPhase section */

/* Begin PBXGroup section */
		2B6E7712382A3791CEACC0C3 /* Pods */ = {
			isa = PBXGroup;
			children = (
				9B549A1E0F5E89599BCFD5D8 /* Pods-CurrencyX.debug.xcconfig */,
				1BCED255CC2F6F39EAAA4888 /* Pods-CurrencyX.release.xcconfig */,
			);
			name = Pods;
			sourceTree = "<group>";
		};
		BA7731431F916D3300ADD4DF = {
			isa = PBXGroup;
			children = (
				BA77314E1F916D3300ADD4DF /* CurrencyX */,
				BA77314D1F916D3300ADD4DF /* Products */,
				2B6E7712382A3791CEACC0C3 /* Pods */,
				D78CD6CF41C44617B1BE4E20 /* Frameworks */,
			);
			sourceTree = "<group>";
		};
		BA77314D1F916D3300ADD4DF /* Products */ = {
			isa = PBXGroup;
			children = (
				BA77314C1F916D3300ADD4DF /* CurrencyX.app */,
			);
			name = Products;
			sourceTree = "<group>";
		};
		BA77314E1F916D3300ADD4DF /* CurrencyX */ = {
			isa = PBXGroup;
			children = (
				BA77314F1F916D3300ADD4DF /* AppDelegate.swift */,
				BA7731631F917D5400ADD4DF /* RegisterView.swift */,
				BA7731611F91733600ADD4DF /* LoginView.swift */,
				BAE649A91F930CD6005416FC /* ForgotPassView.swift */,
				BA7731531F916D3300ADD4DF /* Main.storyboard */,
				FF03E10D1FAA759800ABD91C /* DetailView.swift */,
				1B4A8D331F9C742C0056B672 /* WalletView.swift */,
				BA7C1DB81F98674100B5BBE3 /* MainView.swift */,
				1B5A956A1F94A03400FCBD6F /* AccountSetting.swift */,
				FF6B59E11F933C350072E48E /* BuyView.swift */,
				1B0CF7191F91EB3800DB2DC1 /* Notification.swift */,
				BA7731561F916D3300ADD4DF /* Assets.xcassets */,
				BA7731581F916D3300ADD4DF /* LaunchScreen.storyboard */,
				BA77315B1F916D3300ADD4DF /* Info.plist */,
				BAE649AB1F932FD9005416FC /* GoogleService-Info.plist */,
			);
			path = CurrencyX;
			sourceTree = "<group>";
		};
		D78CD6CF41C44617B1BE4E20 /* Frameworks */ = {
			isa = PBXGroup;
			children = (
				F51BEFDEDE29BE25FD493777 /* Pods_CurrencyX.framework */,
			);
			name = Frameworks;
			sourceTree = "<group>";
		};
/* End PBXGroup section */

/* Begin PBXNativeTarget section */
		BA77314B1F916D3300ADD4DF /* CurrencyX */ = {
			isa = PBXNativeTarget;
			buildConfigurationList = BA77315E1F916D3300ADD4DF /* Build configuration list for PBXNativeTarget "CurrencyX" */;
			buildPhases = (
				234D915427DDF7B0AB829DA3 /* [CP] Check Pods Manifest.lock */,
				BA7731481F916D3300ADD4DF /* Sources */,
				BA7731491F916D3300ADD4DF /* Frameworks */,
				BA77314A1F916D3300ADD4DF /* Resources */,
				97BED0E55E40284E43D2991F /* [CP] Embed Pods Frameworks */,
				49FEB77FE437E2D11F2239DD /* [CP] Copy Pods Resources */,
			);
			buildRules = (
			);
			dependencies = (
			);
			name = CurrencyX;
			productName = CurrencyX;
			productReference = BA77314C1F916D3300ADD4DF /* CurrencyX.app */;
			productType = "com.apple.product-type.application";
		};
/* End PBXNativeTarget section */

/* Begin PBXProject section */
		BA7731441F916D3300ADD4DF /* Project object */ = {
			isa = PBXProject;
			attributes = {
				LastSwiftUpdateCheck = 0900;
				LastUpgradeCheck = 0900;
				ORGANIZATIONNAME = "Team 5";
				TargetAttributes = {
					BA77314B1F916D3300ADD4DF = {
						CreatedOnToolsVersion = 9.0;
						ProvisioningStyle = Automatic;
					};
				};
			};
			buildConfigurationList = BA7731471F916D3300ADD4DF /* Build configuration list for PBXProject "CurrencyX" */;
			compatibilityVersion = "Xcode 8.0";
			developmentRegion = en;
			hasScannedForEncodings = 0;
			knownRegions = (
				en,
				Base,
			);
			mainGroup = BA7731431F916D3300ADD4DF;
			productRefGroup = BA77314D1F916D3300ADD4DF /* Products */;
			projectDirPath = "";
			projectRoot = "";
			targets = (
				BA77314B1F916D3300ADD4DF /* CurrencyX */,
			);
		};
/* End PBXProject section */

/* Begin PBXResourcesBuildPhase section */
		BA77314A1F916D3300ADD4DF /* Resources */ = {
			isa = PBXResourcesBuildPhase;
			buildActionMask = 2147483647;
			files = (
				BA77315A1F916D3300ADD4DF /* LaunchScreen.storyboard in Resources */,
				FF1B9F321F93AE2800FC9F24 /* GoogleService-Info.plist in Resources */,
				BA7731571F916D3300ADD4DF /* Assets.xcassets in Resources */,
				EDCCAD461FA7CAA600439099 /* Info.plist in Resources */,
				BA7731551F916D3300ADD4DF /* Main.storyboard in Resources */,
			);
			runOnlyForDeploymentPostprocessing = 0;
		};
/* End PBXResourcesBuildPhase section */

/* Begin PBXShellScriptBuildPhase section */
		234D915427DDF7B0AB829DA3 /* [CP] Check Pods Manifest.lock */ = {
			isa = PBXShellScriptBuildPhase;
			buildActionMask = 2147483647;
			files = (
			);
			inputPaths = (
				"${PODS_PODFILE_DIR_PATH}/Podfile.lock",
				"${PODS_ROOT}/Manifest.lock",
			);
			name = "[CP] Check Pods Manifest.lock";
			outputPaths = (
				"$(DERIVED_FILE_DIR)/Pods-CurrencyX-checkManifestLockResult.txt",
			);
			runOnlyForDeploymentPostprocessing = 0;
			shellPath = /bin/sh;
			shellScript = "diff \"${PODS_PODFILE_DIR_PATH}/Podfile.lock\" \"${PODS_ROOT}/Manifest.lock\" > /dev/null\nif [ $? != 0 ] ; then\n    # print error to STDERR\n    echo \"error: The sandbox is not in sync with the Podfile.lock. Run 'pod install' or update your CocoaPods installation.\" >&2\n    exit 1\nfi\n# This output is used by Xcode 'outputs' to avoid re-running this script phase.\necho \"SUCCESS\" > \"${SCRIPT_OUTPUT_FILE_0}\"\n";
			showEnvVarsInLog = 0;
		};
		49FEB77FE437E2D11F2239DD /* [CP] Copy Pods Resources */ = {
			isa = PBXShellScriptBuildPhase;
			buildActionMask = 2147483647;
			files = (
			);
			inputPaths = (
			);
			name = "[CP] Copy Pods Resources";
			outputPaths = (
			);
			runOnlyForDeploymentPostprocessing = 0;
			shellPath = /bin/sh;
			shellScript = "\"${SRCROOT}/Pods/Target Support Files/Pods-CurrencyX/Pods-CurrencyX-resources.sh\"\n";
			showEnvVarsInLog = 0;
		};
		97BED0E55E40284E43D2991F /* [CP] Embed Pods Frameworks */ = {
			isa = PBXShellScriptBuildPhase;
			buildActionMask = 2147483647;
			files = (
			);
			inputPaths = (
				"${SRCROOT}/Pods/Target Support Files/Pods-CurrencyX/Pods-CurrencyX-frameworks.sh",
				"${BUILT_PRODUCTS_DIR}/GTMSessionFetcher/GTMSessionFetcher.framework",
				"${BUILT_PRODUCTS_DIR}/GoogleToolboxForMac/GoogleToolboxForMac.framework",
				"${BUILT_PRODUCTS_DIR}/leveldb-library/leveldb.framework",
				"${BUILT_PRODUCTS_DIR}/nanopb/nanopb.framework",
			);
			name = "[CP] Embed Pods Frameworks";
			outputPaths = (
				"${TARGET_BUILD_DIR}/${FRAMEWORKS_FOLDER_PATH}/GTMSessionFetcher.framework",
				"${TARGET_BUILD_DIR}/${FRAMEWORKS_FOLDER_PATH}/GoogleToolboxForMac.framework",
				"${TARGET_BUILD_DIR}/${FRAMEWORKS_FOLDER_PATH}/leveldb.framework",
				"${TARGET_BUILD_DIR}/${FRAMEWORKS_FOLDER_PATH}/nanopb.framework",
			);
			runOnlyForDeploymentPostprocessing = 0;
			shellPath = /bin/sh;
			shellScript = "\"${SRCROOT}/Pods/Target Support Files/Pods-CurrencyX/Pods-CurrencyX-frameworks.sh\"\n";
			showEnvVarsInLog = 0;
		};
/* End PBXShellScriptBuildPhase section */

/* Begin PBXSourcesBuildPhase section */
		BA7731481F916D3300ADD4DF /* Sources */ = {
			isa = PBXSourcesBuildPhase;
			buildActionMask = 2147483647;
			files = (
				1B0CF71A1F91EB3800DB2DC1 /* Notification.swift in Sources */,
				BA7C1DB91F98674100B5BBE3 /* MainView.swift in Sources */,
				1B4A8D341F9C742C0056B672 /* WalletView.swift in Sources */,
				FF6B59E21F933C350072E48E /* BuyView.swift in Sources */,
				BA7731641F917D5400ADD4DF /* RegisterView.swift in Sources */,
				FF03E10E1FAA759800ABD91C /* DetailView.swift in Sources */,
				BAE649AA1F930CD6005416FC /* ForgotPassView.swift in Sources */,
				BA7731621F91733600ADD4DF /* LoginView.swift in Sources */,
				BA7731501F916D3300ADD4DF /* AppDelegate.swift in Sources */,
				1B5A956B1F94A03400FCBD6F /* AccountSetting.swift in Sources */,
			);
			runOnlyForDeploymentPostprocessing = 0;
		};
/* End PBXSourcesBuildPhase section */

/* Begin PBXVariantGroup section */
		BA7731531F916D3300ADD4DF /* Main.storyboard */ = {
			isa = PBXVariantGroup;
			children = (
				BA7731541F916D3300ADD4DF /* Base */,
			);
			name = Main.storyboard;
			sourceTree = "<group>";
		};
		BA7731581F916D3300ADD4DF /* LaunchScreen.storyboard */ = {
			isa = PBXVariantGroup;
			children = (
				BA7731591F916D3300ADD4DF /* Base */,
			);
			name = LaunchScreen.storyboard;
			sourceTree = "<group>";
		};
/* End PBXVariantGroup section */

/* Begin XCBuildConfiguration section */
		BA77315C1F916D3300ADD4DF /* Debug */ = {
			isa = XCBuildConfiguration;
			buildSettings = {
				ALWAYS_SEARCH_USER_PATHS = NO;
				CLANG_ANALYZER_NONNULL = YES;
				CLANG_ANALYZER_NUMBER_OBJECT_CONVERSION = YES_AGGRESSIVE;
				CLANG_CXX_LANGUAGE_STANDARD = "gnu++14";
				CLANG_CXX_LIBRARY = "libc++";
				CLANG_ENABLE_MODULES = YES;
				CLANG_ENABLE_OBJC_ARC = YES;
				CLANG_WARN_BLOCK_CAPTURE_AUTORELEASING = YES;
				CLANG_WARN_BOOL_CONVERSION = YES;
				CLANG_WARN_COMMA = YES;
				CLANG_WARN_CONSTANT_CONVERSION = YES;
				CLANG_WARN_DIRECT_OBJC_ISA_USAGE = YES_ERROR;
				CLANG_WARN_DOCUMENTATION_COMMENTS = YES;
				CLANG_WARN_EMPTY_BODY = YES;
				CLANG_WARN_ENUM_CONVERSION = YES;
				CLANG_WARN_INFINITE_RECURSION = YES;
				CLANG_WARN_INT_CONVERSION = YES;
				CLANG_WARN_NON_LITERAL_NULL_CONVERSION = YES;
				CLANG_WARN_OBJC_LITERAL_CONVERSION = YES;
				CLANG_WARN_OBJC_ROOT_CLASS = YES_ERROR;
				CLANG_WARN_RANGE_LOOP_ANALYSIS = YES;
				CLANG_WARN_STRICT_PROTOTYPES = YES;
				CLANG_WARN_SUSPICIOUS_MOVE = YES;
				CLANG_WARN_UNGUARDED_AVAILABILITY = YES_AGGRESSIVE;
				CLANG_WARN_UNREACHABLE_CODE = YES;
				CLANG_WARN__DUPLICATE_METHOD_MATCH = YES;
				CODE_SIGN_IDENTITY = "iPhone Developer";
				COPY_PHASE_STRIP = NO;
				DEBUG_INFORMATION_FORMAT = dwarf;
				ENABLE_STRICT_OBJC_MSGSEND = YES;
				ENABLE_TESTABILITY = YES;
				GCC_C_LANGUAGE_STANDARD = gnu11;
				GCC_DYNAMIC_NO_PIC = NO;
				GCC_NO_COMMON_BLOCKS = YES;
				GCC_OPTIMIZATION_LEVEL = 0;
				GCC_PREPROCESSOR_DEFINITIONS = (
					"DEBUG=1",
					"$(inherited)",
				);
				GCC_WARN_64_TO_32_BIT_CONVERSION = YES;
				GCC_WARN_ABOUT_RETURN_TYPE = YES_ERROR;
				GCC_WARN_UNDECLARED_SELECTOR = YES;
				GCC_WARN_UNINITIALIZED_AUTOS = YES_AGGRESSIVE;
				GCC_WARN_UNUSED_FUNCTION = YES;
				GCC_WARN_UNUSED_VARIABLE = YES;
				IPHONEOS_DEPLOYMENT_TARGET = 11.0;
				MTL_ENABLE_DEBUG_INFO = YES;
				ONLY_ACTIVE_ARCH = YES;
				SDKROOT = iphoneos;
				SWIFT_ACTIVE_COMPILATION_CONDITIONS = DEBUG;
				SWIFT_OPTIMIZATION_LEVEL = "-Onone";
			};
			name = Debug;
		};
		BA77315D1F916D3300ADD4DF /* Release */ = {
			isa = XCBuildConfiguration;
			buildSettings = {
				ALWAYS_SEARCH_USER_PATHS = NO;
				CLANG_ANALYZER_NONNULL = YES;
				CLANG_ANALYZER_NUMBER_OBJECT_CONVERSION = YES_AGGRESSIVE;
				CLANG_CXX_LANGUAGE_STANDARD = "gnu++14";
				CLANG_CXX_LIBRARY = "libc++";
				CLANG_ENABLE_MODULES = YES;
				CLANG_ENABLE_OBJC_ARC = YES;
				CLANG_WARN_BLOCK_CAPTURE_AUTORELEASING = YES;
				CLANG_WARN_BOOL_CONVERSION = YES;
				CLANG_WARN_COMMA = YES;
				CLANG_WARN_CONSTANT_CONVERSION = YES;
				CLANG_WARN_DIRECT_OBJC_ISA_USAGE = YES_ERROR;
				CLANG_WARN_DOCUMENTATION_COMMENTS = YES;
				CLANG_WARN_EMPTY_BODY = YES;
				CLANG_WARN_ENUM_CONVERSION = YES;
				CLANG_WARN_INFINITE_RECURSION = YES;
				CLANG_WARN_INT_CONVERSION = YES;
				CLANG_WARN_NON_LITERAL_NULL_CONVERSION = YES;
				CLANG_WARN_OBJC_LITERAL_CONVERSION = YES;
				CLANG_WARN_OBJC_ROOT_CLASS = YES_ERROR;
				CLANG_WARN_RANGE_LOOP_ANALYSIS = YES;
				CLANG_WARN_STRICT_PROTOTYPES = YES;
				CLANG_WARN_SUSPICIOUS_MOVE = YES;
				CLANG_WARN_UNGUARDED_AVAILABILITY = YES_AGGRESSIVE;
				CLANG_WARN_UNREACHABLE_CODE = YES;
				CLANG_WARN__DUPLICATE_METHOD_MATCH = YES;
				CODE_SIGN_IDENTITY = "iPhone Developer";
				COPY_PHASE_STRIP = NO;
				DEBUG_INFORMATION_FORMAT = "dwarf-with-dsym";
				ENABLE_NS_ASSERTIONS = NO;
				ENABLE_STRICT_OBJC_MSGSEND = YES;
				GCC_C_LANGUAGE_STANDARD = gnu11;
				GCC_NO_COMMON_BLOCKS = YES;
				GCC_WARN_64_TO_32_BIT_CONVERSION = YES;
				GCC_WARN_ABOUT_RETURN_TYPE = YES_ERROR;
				GCC_WARN_UNDECLARED_SELECTOR = YES;
				GCC_WARN_UNINITIALIZED_AUTOS = YES_AGGRESSIVE;
				GCC_WARN_UNUSED_FUNCTION = YES;
				GCC_WARN_UNUSED_VARIABLE = YES;
				IPHONEOS_DEPLOYMENT_TARGET = 11.0;
				MTL_ENABLE_DEBUG_INFO = NO;
				SDKROOT = iphoneos;
				SWIFT_OPTIMIZATION_LEVEL = "-Owholemodule";
				VALIDATE_PRODUCT = YES;
			};
			name = Release;
		};
		BA77315F1F916D3300ADD4DF /* Debug */ = {
			isa = XCBuildConfiguration;
			baseConfigurationReference = 9B549A1E0F5E89599BCFD5D8 /* Pods-CurrencyX.debug.xcconfig */;
			buildSettings = {
				ASSETCATALOG_COMPILER_APPICON_NAME = AppIcon;
				"CODE_SIGN_IDENTITY[sdk=iphoneos*]" = "iPhone Developer";
				CODE_SIGN_STYLE = Automatic;
				DEVELOPMENT_TEAM = A4C97RSH52;
				INFOPLIST_FILE = CurrencyX/Info.plist;
				IPHONEOS_DEPLOYMENT_TARGET = 11.0;
				LD_RUNPATH_SEARCH_PATHS = "$(inherited) @executable_path/Frameworks";
				PRODUCT_BUNDLE_IDENTIFIER = CurrencyX;
				PRODUCT_NAME = "$(TARGET_NAME)";
				PROVISIONING_PROFILE_SPECIFIER = "";
				SWIFT_VERSION = 4.0;
				TARGETED_DEVICE_FAMILY = 1;
			};
			name = Debug;
		};
		BA7731601F916D3300ADD4DF /* Release */ = {
			isa = XCBuildConfiguration;
			baseConfigurationReference = 1BCED255CC2F6F39EAAA4888 /* Pods-CurrencyX.release.xcconfig */;
			buildSettings = {
				ASSETCATALOG_COMPILER_APPICON_NAME = AppIcon;
				"CODE_SIGN_IDENTITY[sdk=iphoneos*]" = "iPhone Developer";
				CODE_SIGN_STYLE = Automatic;
				DEVELOPMENT_TEAM = A4C97RSH52;
				INFOPLIST_FILE = CurrencyX/Info.plist;
				IPHONEOS_DEPLOYMENT_TARGET = 11.0;
				LD_RUNPATH_SEARCH_PATHS = "$(inherited) @executable_path/Frameworks";
				PRODUCT_BUNDLE_IDENTIFIER = CurrencyX;
				PRODUCT_NAME = "$(TARGET_NAME)";
				PROVISIONING_PROFILE_SPECIFIER = "";
				SWIFT_VERSION = 4.0;
				TARGETED_DEVICE_FAMILY = 1;
			};
			name = Release;
		};
/* End XCBuildConfiguration section */

/* Begin XCConfigurationList section */
		BA7731471F916D3300ADD4DF /* Build configuration list for PBXProject "CurrencyX" */ = {
			isa = XCConfigurationList;
			buildConfigurations = (
				BA77315C1F916D3300ADD4DF /* Debug */,
				BA77315D1F916D3300ADD4DF /* Release */,
			);
			defaultConfigurationIsVisible = 0;
			defaultConfigurationName = Release;
		};
		BA77315E1F916D3300ADD4DF /* Build configuration list for PBXNativeTarget "CurrencyX" */ = {
			isa = XCConfigurationList;
			buildConfigurations = (
				BA77315F1F916D3300ADD4DF /* Debug */,
				BA7731601F916D3300ADD4DF /* Release */,
			);
			defaultConfigurationIsVisible = 0;
			defaultConfigurationName = Release;
		};
/* End XCConfigurationList section */
	};
	rootObject = BA7731441F916D3300ADD4DF /* Project object */;
}
